<?xml version="1.0" encoding="UTF-8" standalone="yes" ?>
<CodeBlocks_project_file>
	<FileVersion major="1" minor="6" />
	<Project>
		<Option title="Pizza" />
		<Option pch_mode="2" />
		<Option compiler="gcc" />
		<Build>
			<Target title="Debug">
				<Option output="bin/Debug/Pizza" prefix_auto="1" extension_auto="1" />
				<Option object_output="obj/Debug/" />
				<Option type="1" />
				<Option compiler="gcc" />
				<Compiler>
					<Add option="-g" />
					<Add directory="Models" />
				</Compiler>
			</Target>
			<Target title="Release">
				<Option output="bin/Release/Pizza" prefix_auto="1" extension_auto="1" />
				<Option object_output="obj/Release/" />
				<Option type="1" />
				<Option compiler="gcc" />
				<Compiler>
					<Add option="-O2" />
					<Add directory="Models" />
				</Compiler>
				<Linker>
					<Add option="-s" />
				</Linker>
			</Target>
		</Build>
		<Compiler>
			<Add option="-Wall" />
			<Add option="-fexceptions" />
		</Compiler>
		<Unit filename="Exceptions.cpp" />
		<Unit filename="Exceptions.h" />
		<Unit filename="Models/Pizza.cpp" />
		<Unit filename="Models/Pizza.h" />
		<Unit filename="Models/Product.cpp" />
		<Unit filename="Models/Product.h" />
		<Unit filename="Models/Topping.cpp" />
		<Unit filename="Models/Topping.h" />
		<Unit filename="Repository/AdminRepository.cpp" />
		<Unit filename="Repository/AdminRepository.h" />
		<Unit filename="Repository/Repositories.cpp" />
		<Unit filename="Repository/Repositories.h" />
		<Unit filename="Service/Service.cpp" />
		<Unit filename="Service/Service.h" />
		<Unit filename="UI/UserUI.cpp" />
		<Unit filename="UI/UserUI.h" />
		<Unit filename="main.cpp" />
		<Extensions>
			<code_completion />
			<envvars />
			<debugger />
		</Extensions>
	</Project>
</CodeBlocks_project_file>
