// !$*UTF8*$!
{
	archiveVersion = 1;
	classes = {
	};
	objectVersion = 48;
	objects = {

/* Begin PBXBuildFile section */
		54496FA61FD9F23C008E7248 /* Exceptions.cpp in Sources */ = {isa = PBXBuildFile; fileRef = 54496FA41FD9F23C008E7248 /* Exceptions.cpp */; };
		54496FC51FDB8DA0008E7248 /* userUI.cpp in Sources */ = {isa = PBXBuildFile; fileRef = 54496FC31FDB8DA0008E7248 /* userUI.cpp */; };
		54496FC81FDB8DD0008E7248 /* Services.cpp in Sources */ = {isa = PBXBuildFile; fileRef = 54496FC61FDB8DD0008E7248 /* Services.cpp */; };
		54496FCB1FDB8DE8008E7248 /* Repositories.cpp in Sources */ = {isa = PBXBuildFile; fileRef = 54496FC91FDB8DE8008E7248 /* Repositories.cpp */; };
		54496FD11FE01767008E7248 /* Topping.cpp in Sources */ = {isa = PBXBuildFile; fileRef = 54496FCF1FE01767008E7248 /* Topping.cpp */; };
		54496FD41FE0468D008E7248 /* New_product.cpp in Sources */ = {isa = PBXBuildFile; fileRef = 54496FD21FE0468D008E7248 /* New_product.cpp */; };
		546897DD1FD1973800B9836F /* main.cpp in Sources */ = {isa = PBXBuildFile; fileRef = 546897DC1FD1973800B9836F /* main.cpp */; };
		546B6F7A1FD2246F0087F316 /* pizza.cpp in Sources */ = {isa = PBXBuildFile; fileRef = 546B6F781FD2246F0087F316 /* pizza.cpp */; };
		548098AA1FD880BD005F6D24 /* AdminRepository.cpp in Sources */ = {isa = PBXBuildFile; fileRef = 548098A81FD880BD005F6D24 /* AdminRepository.cpp */; };
/* End PBXBuildFile section */

/* Begin PBXCopyFilesBuildPhase section */
		546897D71FD1973800B9836F /* CopyFiles */ = {
			isa = PBXCopyFilesBuildPhase;
			buildActionMask = 2147483647;
			dstPath = /usr/share/man/man1/;
			dstSubfolderSpec = 0;
			files = (
			);
			runOnlyForDeploymentPostprocessing = 1;
		};
/* End PBXCopyFilesBuildPhase section */

/* Begin PBXFileReference section */
		54496FA41FD9F23C008E7248 /* Exceptions.cpp */ = {isa = PBXFileReference; lastKnownFileType = sourcecode.cpp.cpp; path = Exceptions.cpp; sourceTree = "<group>"; };
		54496FA51FD9F23C008E7248 /* Exceptions.hpp */ = {isa = PBXFileReference; lastKnownFileType = sourcecode.cpp.h; path = Exceptions.hpp; sourceTree = "<group>"; };
		54496FC31FDB8DA0008E7248 /* userUI.cpp */ = {isa = PBXFileReference; lastKnownFileType = sourcecode.cpp.cpp; path = userUI.cpp; sourceTree = "<group>"; };
		54496FC41FDB8DA0008E7248 /* userUI.hpp */ = {isa = PBXFileReference; lastKnownFileType = sourcecode.cpp.h; path = userUI.hpp; sourceTree = "<group>"; };
		54496FC61FDB8DD0008E7248 /* Services.cpp */ = {isa = PBXFileReference; lastKnownFileType = sourcecode.cpp.cpp; path = Services.cpp; sourceTree = "<group>"; };
		54496FC71FDB8DD0008E7248 /* Services.hpp */ = {isa = PBXFileReference; lastKnownFileType = sourcecode.cpp.h; path = Services.hpp; sourceTree = "<group>"; };
		54496FC91FDB8DE8008E7248 /* Repositories.cpp */ = {isa = PBXFileReference; lastKnownFileType = sourcecode.cpp.cpp; path = Repositories.cpp; sourceTree = "<group>"; };
		54496FCA1FDB8DE8008E7248 /* Repositories.hpp */ = {isa = PBXFileReference; lastKnownFileType = sourcecode.cpp.h; path = Repositories.hpp; sourceTree = "<group>"; };
		54496FCF1FE01767008E7248 /* Topping.cpp */ = {isa = PBXFileReference; lastKnownFileType = sourcecode.cpp.cpp; path = Topping.cpp; sourceTree = "<group>"; };
		54496FD01FE01767008E7248 /* Topping.hpp */ = {isa = PBXFileReference; lastKnownFileType = sourcecode.cpp.h; path = Topping.hpp; sourceTree = "<group>"; };
		54496FD21FE0468D008E7248 /* New_product.cpp */ = {isa = PBXFileReference; lastKnownFileType = sourcecode.cpp.cpp; path = New_product.cpp; sourceTree = "<group>"; };
		54496FD31FE0468D008E7248 /* New_product.hpp */ = {isa = PBXFileReference; lastKnownFileType = sourcecode.cpp.h; path = New_product.hpp; sourceTree = "<group>"; };
		546897D91FD1973800B9836F /* Pizza */ = {isa = PBXFileReference; explicitFileType = "compiled.mach-o.executable"; includeInIndex = 0; path = Pizza; sourceTree = BUILT_PRODUCTS_DIR; };
		546897DC1FD1973800B9836F /* main.cpp */ = {isa = PBXFileReference; lastKnownFileType = sourcecode.cpp.cpp; path = main.cpp; sourceTree = "<group>"; };
		546B6F781FD2246F0087F316 /* pizza.cpp */ = {isa = PBXFileReference; lastKnownFileType = sourcecode.cpp.cpp; path = pizza.cpp; sourceTree = "<group>"; };
		546B6F791FD2246F0087F316 /* pizza.hpp */ = {isa = PBXFileReference; lastKnownFileType = sourcecode.cpp.h; path = pizza.hpp; sourceTree = "<group>"; };
		548098A81FD880BD005F6D24 /* AdminRepository.cpp */ = {isa = PBXFileReference; lastKnownFileType = sourcecode.cpp.cpp; path = AdminRepository.cpp; sourceTree = "<group>"; };
		548098A91FD880BD005F6D24 /* AdminRepository.hpp */ = {isa = PBXFileReference; lastKnownFileType = sourcecode.cpp.h; path = AdminRepository.hpp; sourceTree = "<group>"; };
/* End PBXFileReference section */

/* Begin PBXFrameworksBuildPhase section */
		546897D61FD1973800B9836F /* Frameworks */ = {
			isa = PBXFrameworksBuildPhase;
			buildActionMask = 2147483647;
			files = (
			);
			runOnlyForDeploymentPostprocessing = 0;
		};
/* End PBXFrameworksBuildPhase section */

/* Begin PBXGroup section */
		546897D01FD1973800B9836F = {
			isa = PBXGroup;
			children = (
				546897DB1FD1973800B9836F /* Pizza */,
				546897DA1FD1973800B9836F /* Products */,
			);
			sourceTree = "<group>";
		};
		546897DA1FD1973800B9836F /* Products */ = {
			isa = PBXGroup;
			children = (
				546897D91FD1973800B9836F /* Pizza */,
			);
			name = Products;
			sourceTree = "<group>";
		};
		546897DB1FD1973800B9836F /* Pizza */ = {
			isa = PBXGroup;
			children = (
				54496FA41FD9F23C008E7248 /* Exceptions.cpp */,
				54496FA51FD9F23C008E7248 /* Exceptions.hpp */,
				546897DC1FD1973800B9836F /* main.cpp */,
				5480989C1FD82963005F6D24 /* models */,
				5480989D1FD829A5005F6D24 /* UI */,
				5480989E1FD829CB005F6D24 /* services */,
				548098AB1FD880C3005F6D24 /* Repositories */,
			);
			path = Pizza;
			sourceTree = "<group>";
		};
		5480989C1FD82963005F6D24 /* models */ = {
			isa = PBXGroup;
			children = (
				546B6F791FD2246F0087F316 /* pizza.hpp */,
				54496FD21FE0468D008E7248 /* New_product.cpp */,
				54496FD31FE0468D008E7248 /* New_product.hpp */,
				546B6F781FD2246F0087F316 /* pizza.cpp */,
				54496FCF1FE01767008E7248 /* Topping.cpp */,
				54496FD01FE01767008E7248 /* Topping.hpp */,
			);
			path = models;
			sourceTree = "<group>";
		};
		5480989D1FD829A5005F6D24 /* UI */ = {
			isa = PBXGroup;
			children = (
				54496FC31FDB8DA0008E7248 /* userUI.cpp */,
				54496FC41FDB8DA0008E7248 /* userUI.hpp */,
			);
			path = UI;
			sourceTree = "<group>";
		};
		5480989E1FD829CB005F6D24 /* services */ = {
			isa = PBXGroup;
			children = (
				54496FC61FDB8DD0008E7248 /* Services.cpp */,
				54496FC71FDB8DD0008E7248 /* Services.hpp */,
			);
			path = services;
			sourceTree = "<group>";
		};
		548098AB1FD880C3005F6D24 /* Repositories */ = {
			isa = PBXGroup;
			children = (
				54496FC91FDB8DE8008E7248 /* Repositories.cpp */,
				54496FCA1FDB8DE8008E7248 /* Repositories.hpp */,
				548098A91FD880BD005F6D24 /* AdminRepository.hpp */,
				548098A81FD880BD005F6D24 /* AdminRepository.cpp */,
			);
			path = Repositories;
			sourceTree = "<group>";
		};
/* End PBXGroup section */

/* Begin PBXNativeTarget section */
		546897D81FD1973800B9836F /* Pizza */ = {
			isa = PBXNativeTarget;
			buildConfigurationList = 546897E01FD1973800B9836F /* Build configuration list for PBXNativeTarget "Pizza" */;
			buildPhases = (
				546897D51FD1973800B9836F /* Sources */,
				546897D61FD1973800B9836F /* Frameworks */,
				546897D71FD1973800B9836F /* CopyFiles */,
			);
			buildRules = (
			);
			dependencies = (
			);
			name = Pizza;
			productName = Pizza;
			productReference = 546897D91FD1973800B9836F /* Pizza */;
			productType = "com.apple.product-type.tool";
		};
/* End PBXNativeTarget section */

/* Begin PBXProject section */
		546897D11FD1973800B9836F /* Project object */ = {
			isa = PBXProject;
			attributes = {
				LastUpgradeCheck = 0910;
				ORGANIZATIONNAME = "Katrin Arnardottir";
				TargetAttributes = {
					546897D81FD1973800B9836F = {
						CreatedOnToolsVersion = 9.1;
						ProvisioningStyle = Automatic;
					};
				};
			};
			buildConfigurationList = 546897D41FD1973800B9836F /* Build configuration list for PBXProject "Pizza" */;
			compatibilityVersion = "Xcode 8.0";
			developmentRegion = en;
			hasScannedForEncodings = 0;
			knownRegions = (
				en,
			);
			mainGroup = 546897D01FD1973800B9836F;
			productRefGroup = 546897DA1FD1973800B9836F /* Products */;
			projectDirPath = "";
			projectRoot = "";
			targets = (
				546897D81FD1973800B9836F /* Pizza */,
			);
		};
/* End PBXProject section */

/* Begin PBXSourcesBuildPhase section */
		546897D51FD1973800B9836F /* Sources */ = {
			isa = PBXSourcesBuildPhase;
			buildActionMask = 2147483647;
			files = (
				54496FD41FE0468D008E7248 /* New_product.cpp in Sources */,
				54496FCB1FDB8DE8008E7248 /* Repositories.cpp in Sources */,
				54496FC81FDB8DD0008E7248 /* Services.cpp in Sources */,
				54496FA61FD9F23C008E7248 /* Exceptions.cpp in Sources */,
				548098AA1FD880BD005F6D24 /* AdminRepository.cpp in Sources */,
				546897DD1FD1973800B9836F /* main.cpp in Sources */,
				54496FD11FE01767008E7248 /* Topping.cpp in Sources */,
				54496FC51FDB8DA0008E7248 /* userUI.cpp in Sources */,
				546B6F7A1FD2246F0087F316 /* pizza.cpp in Sources */,
			);
			runOnlyForDeploymentPostprocessing = 0;
		};
/* End PBXSourcesBuildPhase section */

/* Begin XCBuildConfiguration section */
		546897DE1FD1973800B9836F /* Debug */ = {
			isa = XCBuildConfiguration;
			buildSettings = {
				ALWAYS_SEARCH_USER_PATHS = NO;
				CLANG_ANALYZER_NONNULL = YES;
				CLANG_ANALYZER_NUMBER_OBJECT_CONVERSION = YES_AGGRESSIVE;
				CLANG_CXX_LANGUAGE_STANDARD = "gnu++14";
				CLANG_CXX_LIBRARY = "libc++";
				CLANG_ENABLE_MODULES = YES;
				CLANG_ENABLE_OBJC_ARC = YES;
				CLANG_WARN_BLOCK_CAPTURE_AUTORELEASING = YES;
				CLANG_WARN_BOOL_CONVERSION = YES;
				CLANG_WARN_COMMA = YES;
				CLANG_WARN_CONSTANT_CONVERSION = YES;
				CLANG_WARN_DIRECT_OBJC_ISA_USAGE = YES_ERROR;
				CLANG_WARN_DOCUMENTATION_COMMENTS = YES;
				CLANG_WARN_EMPTY_BODY = YES;
				CLANG_WARN_ENUM_CONVERSION = YES;
				CLANG_WARN_INFINITE_RECURSION = YES;
				CLANG_WARN_INT_CONVERSION = YES;
				CLANG_WARN_NON_LITERAL_NULL_CONVERSION = YES;
				CLANG_WARN_OBJC_LITERAL_CONVERSION = YES;
				CLANG_WARN_OBJC_ROOT_CLASS = YES_ERROR;
				CLANG_WARN_RANGE_LOOP_ANALYSIS = YES;
				CLANG_WARN_STRICT_PROTOTYPES = YES;
				CLANG_WARN_SUSPICIOUS_MOVE = YES;
				CLANG_WARN_UNGUARDED_AVAILABILITY = YES_AGGRESSIVE;
				CLANG_WARN_UNREACHABLE_CODE = YES;
				CLANG_WARN__DUPLICATE_METHOD_MATCH = YES;
				CODE_SIGN_IDENTITY = "-";
				COPY_PHASE_STRIP = NO;
				DEBUG_INFORMATION_FORMAT = dwarf;
				ENABLE_STRICT_OBJC_MSGSEND = YES;
				ENABLE_TESTABILITY = YES;
				GCC_C_LANGUAGE_STANDARD = gnu11;
				GCC_DYNAMIC_NO_PIC = NO;
				GCC_NO_COMMON_BLOCKS = YES;
				GCC_OPTIMIZATION_LEVEL = 0;
				GCC_PREPROCESSOR_DEFINITIONS = (
					"DEBUG=1",
					"$(inherited)",
				);
				GCC_WARN_64_TO_32_BIT_CONVERSION = YES;
				GCC_WARN_ABOUT_RETURN_TYPE = YES_ERROR;
				GCC_WARN_UNDECLARED_SELECTOR = YES;
				GCC_WARN_UNINITIALIZED_AUTOS = YES_AGGRESSIVE;
				GCC_WARN_UNUSED_FUNCTION = YES;
				GCC_WARN_UNUSED_VARIABLE = YES;
				MACOSX_DEPLOYMENT_TARGET = 10.12;
				MTL_ENABLE_DEBUG_INFO = YES;
				ONLY_ACTIVE_ARCH = YES;
				SDKROOT = macosx;
			};
			name = Debug;
		};
		546897DF1FD1973800B9836F /* Release */ = {
			isa = XCBuildConfiguration;
			buildSettings = {
				ALWAYS_SEARCH_USER_PATHS = NO;
				CLANG_ANALYZER_NONNULL = YES;
				CLANG_ANALYZER_NUMBER_OBJECT_CONVERSION = YES_AGGRESSIVE;
				CLANG_CXX_LANGUAGE_STANDARD = "gnu++14";
				CLANG_CXX_LIBRARY = "libc++";
				CLANG_ENABLE_MODULES = YES;
				CLANG_ENABLE_OBJC_ARC = YES;
				CLANG_WARN_BLOCK_CAPTURE_AUTORELEASING = YES;
				CLANG_WARN_BOOL_CONVERSION = YES;
				CLANG_WARN_COMMA = YES;
				CLANG_WARN_CONSTANT_CONVERSION = YES;
				CLANG_WARN_DIRECT_OBJC_ISA_USAGE = YES_ERROR;
				CLANG_WARN_DOCUMENTATION_COMMENTS = YES;
				CLANG_WARN_EMPTY_BODY = YES;
				CLANG_WARN_ENUM_CONVERSION = YES;
				CLANG_WARN_INFINITE_RECURSION = YES;
				CLANG_WARN_INT_CONVERSION = YES;
				CLANG_WARN_NON_LITERAL_NULL_CONVERSION = YES;
				CLANG_WARN_OBJC_LITERAL_CONVERSION = YES;
				CLANG_WARN_OBJC_ROOT_CLASS = YES_ERROR;
				CLANG_WARN_RANGE_LOOP_ANALYSIS = YES;
				CLANG_WARN_STRICT_PROTOTYPES = YES;
				CLANG_WARN_SUSPICIOUS_MOVE = YES;
				CLANG_WARN_UNGUARDED_AVAILABILITY = YES_AGGRESSIVE;
				CLANG_WARN_UNREACHABLE_CODE = YES;
				CLANG_WARN__DUPLICATE_METHOD_MATCH = YES;
				CODE_SIGN_IDENTITY = "-";
				COPY_PHASE_STRIP = NO;
				DEBUG_INFORMATION_FORMAT = "dwarf-with-dsym";
				ENABLE_NS_ASSERTIONS = NO;
				ENABLE_STRICT_OBJC_MSGSEND = YES;
				GCC_C_LANGUAGE_STANDARD = gnu11;
				GCC_NO_COMMON_BLOCKS = YES;
				GCC_WARN_64_TO_32_BIT_CONVERSION = YES;
				GCC_WARN_ABOUT_RETURN_TYPE = YES_ERROR;
				GCC_WARN_UNDECLARED_SELECTOR = YES;
				GCC_WARN_UNINITIALIZED_AUTOS = YES_AGGRESSIVE;
				GCC_WARN_UNUSED_FUNCTION = YES;
				GCC_WARN_UNUSED_VARIABLE = YES;
				MACOSX_DEPLOYMENT_TARGET = 10.12;
				MTL_ENABLE_DEBUG_INFO = NO;
				SDKROOT = macosx;
			};
			name = Release;
		};
		546897E11FD1973800B9836F /* Debug */ = {
			isa = XCBuildConfiguration;
			buildSettings = {
				CODE_SIGN_STYLE = Automatic;
				PRODUCT_NAME = "$(TARGET_NAME)";
			};
			name = Debug;
		};
		546897E21FD1973800B9836F /* Release */ = {
			isa = XCBuildConfiguration;
			buildSettings = {
				CODE_SIGN_STYLE = Automatic;
				PRODUCT_NAME = "$(TARGET_NAME)";
			};
			name = Release;
		};
/* End XCBuildConfiguration section */

/* Begin XCConfigurationList section */
		546897D41FD1973800B9836F /* Build configuration list for PBXProject "Pizza" */ = {
			isa = XCConfigurationList;
			buildConfigurations = (
				546897DE1FD1973800B9836F /* Debug */,
				546897DF1FD1973800B9836F /* Release */,
			);
			defaultConfigurationIsVisible = 0;
			defaultConfigurationName = Release;
		};
		546897E01FD1973800B9836F /* Build configuration list for PBXNativeTarget "Pizza" */ = {
			isa = XCConfigurationList;
			buildConfigurations = (
				546897E11FD1973800B9836F /* Debug */,
				546897E21FD1973800B9836F /* Release */,
			);
			defaultConfigurationIsVisible = 0;
			defaultConfigurationName = Release;
		};
/* End XCConfigurationList section */
	};
	rootObject = 546897D11FD1973800B9836F /* Project object */;
}
